
Microsoft Visual Studio Solution File, Format Version 12.00
# Visual Studio 15
VisualStudioVersion = 15.0.27813.1
MinimumVisualStudioVersion = 10.0.40219.1
Project("{FAE04EC0-301F-11D3-BF4B-00C04F79EFBC}") = "CosmosGettingStarted", "CosmosGettingStartedTutorial\CosmosGettingStarted.csproj", "{3017F980-B3BC-4A0E-B4FE-CE69D3A4EF32}"
EndProject
Global
	GlobalSection(SolutionConfigurationPlatforms) = preSolution
		Debug|Any CPU = Debug|Any CPU
		Release|Any CPU = Release|Any CPU
	EndGlobalSection
	GlobalSection(ProjectConfigurationPlatforms) = postSolution
		{3017F980-B3BC-4A0E-B4FE-CE69D3A4EF32}.Debug|Any CPU.ActiveCfg = Debug|Any CPU
		{3017F980-B3BC-4A0E-B4FE-CE69D3A4EF32}.Debug|Any CPU.Build.0 = Debug|Any CPU
		{3017F980-B3BC-4A0E-B4FE-CE69D3A4EF32}.Release|Any CPU.ActiveCfg = Release|Any CPU
		{3017F980-B3BC-4A0E-B4FE-CE69D3A4EF32}.Release|Any CPU.Build.0 = Release|Any CPU
	EndGlobalSection
	GlobalSection(SolutionProperties) = preSolution
		HideSolutionNode = FALSE
	EndGlobalSection
	GlobalSection(ExtensibilityGlobals) = postSolution
		SolutionGuid = {EB79A844-710C-423C-837C-9F4A50FFCB11}
	EndGlobalSection
EndGlobal
